// !$*UTF8*$!
{
	archiveVersion = 1;
	classes = {
	};
	objectVersion = 56;
	objects = {

/* Begin PBXBuildFile section */
		AA0000000000000000000001 /* TravelPlannerApp.swift in Sources */ = {isa = PBXBuildFile; fileRef = AA0000000000000000000011 /* TravelPlannerApp.swift */; };
		AA0000000000000000000002 /* Assets.xcassets in Resources */ = {isa = PBXBuildFile; fileRef = AA0000000000000000000012 /* Assets.xcassets */; };
		AA0000000000000000000104 /* TripMood.swift in Sources */ = {isa = PBXBuildFile; fileRef = AA0000000000000000000140 /* TripMood.swift */; };
		AA0000000000000000000105 /* RunStep.swift in Sources */ = {isa = PBXBuildFile; fileRef = AA0000000000000000000141 /* RunStep.swift */; };
		AA0000000000000000000106 /* TripOption.swift in Sources */ = {isa = PBXBuildFile; fileRef = AA0000000000000000000142 /* TripOption.swift */; };
		AA0000000000000000000107 /* MemoryNote.swift in Sources */ = {isa = PBXBuildFile; fileRef = AA0000000000000000000143 /* MemoryNote.swift */; };
		AA0000000000000000000108 /* PersistedAgentState.swift in Sources */ = {isa = PBXBuildFile; fileRef = AA0000000000000000000144 /* PersistedAgentState.swift */; };
		AA0000000000000000000109 /* TripBrief.swift in Sources */ = {isa = PBXBuildFile; fileRef = AA0000000000000000000145 /* TripBrief.swift */; };
		AA0000000000000000000110 /* TravelPlanningService.swift in Sources */ = {isa = PBXBuildFile; fileRef = AA0000000000000000000146 /* TravelPlanningService.swift */; };
		AA0000000000000000000111 /* AgentStateStore.swift in Sources */ = {isa = PBXBuildFile; fileRef = AA0000000000000000000147 /* AgentStateStore.swift */; };
		AA0000000000000000000112 /* AgentViewModel.swift in Sources */ = {isa = PBXBuildFile; fileRef = AA0000000000000000000148 /* AgentViewModel.swift */; };
		AA0000000000000000000113 /* AgentHomeView.swift in Sources */ = {isa = PBXBuildFile; fileRef = AA0000000000000000000149 /* AgentHomeView.swift */; };
		AA0000000000000000000114 /* HeroView.swift in Sources */ = {isa = PBXBuildFile; fileRef = AA0000000000000000000150 /* HeroView.swift */; };
		AA0000000000000000000115 /* BriefFormView.swift in Sources */ = {isa = PBXBuildFile; fileRef = AA0000000000000000000151 /* BriefFormView.swift */; };
		AA0000000000000000000116 /* RunTimelineView.swift in Sources */ = {isa = PBXBuildFile; fileRef = AA0000000000000000000152 /* RunTimelineView.swift */; };
		AA0000000000000000000117 /* TripsListView.swift in Sources */ = {isa = PBXBuildFile; fileRef = AA0000000000000000000153 /* TripsListView.swift */; };
		AA0000000000000000000118 /* MemoryView.swift in Sources */ = {isa = PBXBuildFile; fileRef = AA0000000000000000000154 /* MemoryView.swift */; };
		AA0000000000000000000119 /* TripCard.swift in Sources */ = {isa = PBXBuildFile; fileRef = AA0000000000000000000155 /* TripCard.swift */; };
		AA0000000000000000000120 /* RunStepRow.swift in Sources */ = {isa = PBXBuildFile; fileRef = AA0000000000000000000156 /* RunStepRow.swift */; };
		AA0000000000000000000121 /* SharedComponents.swift in Sources */ = {isa = PBXBuildFile; fileRef = AA0000000000000000000157 /* SharedComponents.swift */; };
		AA0000000000000000000122 /* TravelPlannerColor.swift in Sources */ = {isa = PBXBuildFile; fileRef = AA0000000000000000000158 /* TravelPlannerColor.swift */; };
		AA0000000000000000000123 /* TravelPlannerFormat.swift in Sources */ = {isa = PBXBuildFile; fileRef = AA0000000000000000000159 /* TravelPlannerFormat.swift */; };
/* End PBXBuildFile section */

/* Begin PBXFileReference section */
		AA0000000000000000000010 /* TravelPlanner.app */ = {isa = PBXFileReference; explicitFileType = wrapper.application; includeInIndex = 0; path = TravelPlanner.app; sourceTree = BUILT_PRODUCTS_DIR; };
		AA0000000000000000000011 /* TravelPlannerApp.swift */ = {isa = PBXFileReference; lastKnownFileType = sourcecode.swift; path = TravelPlannerApp.swift; sourceTree = "<group>"; };
		AA0000000000000000000012 /* Assets.xcassets */ = {isa = PBXFileReference; lastKnownFileType = folder.assetcatalog; path = Assets.xcassets; sourceTree = "<group>"; };
		AA0000000000000000000013 /* README.md */ = {isa = PBXFileReference; lastKnownFileType = net.daringfireball.markdown; path = README.md; sourceTree = "<group>"; };
		AA0000000000000000000140 /* TripMood.swift */ = {isa = PBXFileReference; lastKnownFileType = sourcecode.swift; path = TripMood.swift; sourceTree = "<group>"; };
		AA0000000000000000000141 /* RunStep.swift */ = {isa = PBXFileReference; lastKnownFileType = sourcecode.swift; path = RunStep.swift; sourceTree = "<group>"; };
		AA0000000000000000000142 /* TripOption.swift */ = {isa = PBXFileReference; lastKnownFileType = sourcecode.swift; path = TripOption.swift; sourceTree = "<group>"; };
		AA0000000000000000000143 /* MemoryNote.swift */ = {isa = PBXFileReference; lastKnownFileType = sourcecode.swift; path = MemoryNote.swift; sourceTree = "<group>"; };
		AA0000000000000000000144 /* PersistedAgentState.swift */ = {isa = PBXFileReference; lastKnownFileType = sourcecode.swift; path = PersistedAgentState.swift; sourceTree = "<group>"; };
		AA0000000000000000000145 /* TripBrief.swift */ = {isa = PBXFileReference; lastKnownFileType = sourcecode.swift; path = TripBrief.swift; sourceTree = "<group>"; };
		AA0000000000000000000146 /* TravelPlanningService.swift */ = {isa = PBXFileReference; lastKnownFileType = sourcecode.swift; path = TravelPlanningService.swift; sourceTree = "<group>"; };
		AA0000000000000000000147 /* AgentStateStore.swift */ = {isa = PBXFileReference; lastKnownFileType = sourcecode.swift; path = AgentStateStore.swift; sourceTree = "<group>"; };
		AA0000000000000000000148 /* AgentViewModel.swift */ = {isa = PBXFileReference; lastKnownFileType = sourcecode.swift; path = AgentViewModel.swift; sourceTree = "<group>"; };
		AA0000000000000000000149 /* AgentHomeView.swift */ = {isa = PBXFileReference; lastKnownFileType = sourcecode.swift; path = AgentHomeView.swift; sourceTree = "<group>"; };
		AA0000000000000000000150 /* HeroView.swift */ = {isa = PBXFileReference; lastKnownFileType = sourcecode.swift; path = HeroView.swift; sourceTree = "<group>"; };
		AA0000000000000000000151 /* BriefFormView.swift */ = {isa = PBXFileReference; lastKnownFileType = sourcecode.swift; path = BriefFormView.swift; sourceTree = "<group>"; };
		AA0000000000000000000152 /* RunTimelineView.swift */ = {isa = PBXFileReference; lastKnownFileType = sourcecode.swift; path = RunTimelineView.swift; sourceTree = "<group>"; };
		AA0000000000000000000153 /* TripsListView.swift */ = {isa = PBXFileReference; lastKnownFileType = sourcecode.swift; path = TripsListView.swift; sourceTree = "<group>"; };
		AA0000000000000000000154 /* MemoryView.swift */ = {isa = PBXFileReference; lastKnownFileType = sourcecode.swift; path = MemoryView.swift; sourceTree = "<group>"; };
		AA0000000000000000000155 /* TripCard.swift */ = {isa = PBXFileReference; lastKnownFileType = sourcecode.swift; path = TripCard.swift; sourceTree = "<group>"; };
		AA0000000000000000000156 /* RunStepRow.swift */ = {isa = PBXFileReference; lastKnownFileType = sourcecode.swift; path = RunStepRow.swift; sourceTree = "<group>"; };
		AA0000000000000000000157 /* SharedComponents.swift */ = {isa = PBXFileReference; lastKnownFileType = sourcecode.swift; path = SharedComponents.swift; sourceTree = "<group>"; };
		AA0000000000000000000158 /* TravelPlannerColor.swift */ = {isa = PBXFileReference; lastKnownFileType = sourcecode.swift; path = TravelPlannerColor.swift; sourceTree = "<group>"; };
		AA0000000000000000000159 /* TravelPlannerFormat.swift */ = {isa = PBXFileReference; lastKnownFileType = sourcecode.swift; path = TravelPlannerFormat.swift; sourceTree = "<group>"; };
/* End PBXFileReference section */

/* Begin PBXFrameworksBuildPhase section */
		AA0000000000000000000020 /* Frameworks */ = {
			isa = PBXFrameworksBuildPhase;
			buildActionMask = 2147483647;
			files = (
			);
			runOnlyForDeploymentPostprocessing = 0;
		};
/* End PBXFrameworksBuildPhase section */

/* Begin PBXGroup section */
		AA0000000000000000000030 = {
			isa = PBXGroup;
			children = (
				AA0000000000000000000011 /* TravelPlannerApp.swift */,
				AA0000000000000000000200 /* Models */,
				AA0000000000000000000201 /* Services */,
				AA0000000000000000000202 /* ViewModels */,
				AA0000000000000000000203 /* Views */,
				AA0000000000000000000204 /* Utilities */,
				AA0000000000000000000012 /* Assets.xcassets */,
				AA0000000000000000000013 /* README.md */,
				AA0000000000000000000031 /* Products */,
			);
			sourceTree = "<group>";
		};
		AA0000000000000000000031 /* Products */ = {
			isa = PBXGroup;
			children = (
				AA0000000000000000000010 /* TravelPlanner.app */,
			);
			name = Products;
			sourceTree = "<group>";
		};
		AA0000000000000000000200 /* Models */ = {
			isa = PBXGroup;
			children = (
				AA0000000000000000000140 /* TripMood.swift */,
				AA0000000000000000000141 /* RunStep.swift */,
				AA0000000000000000000142 /* TripOption.swift */,
				AA0000000000000000000143 /* MemoryNote.swift */,
				AA0000000000000000000144 /* PersistedAgentState.swift */,
				AA0000000000000000000145 /* TripBrief.swift */,
			);
			path = Models;
			sourceTree = "<group>";
		};
		AA0000000000000000000201 /* Services */ = {
			isa = PBXGroup;
			children = (
				AA0000000000000000000146 /* TravelPlanningService.swift */,
				AA0000000000000000000147 /* AgentStateStore.swift */,
			);
			path = Services;
			sourceTree = "<group>";
		};
		AA0000000000000000000202 /* ViewModels */ = {
			isa = PBXGroup;
			children = (
				AA0000000000000000000148 /* AgentViewModel.swift */,
			);
			path = ViewModels;
			sourceTree = "<group>";
		};
		AA0000000000000000000203 /* Views */ = {
			isa = PBXGroup;
			children = (
				AA0000000000000000000149 /* AgentHomeView.swift */,
				AA0000000000000000000150 /* HeroView.swift */,
				AA0000000000000000000151 /* BriefFormView.swift */,
				AA0000000000000000000152 /* RunTimelineView.swift */,
				AA0000000000000000000153 /* TripsListView.swift */,
				AA0000000000000000000154 /* MemoryView.swift */,
				AA0000000000000000000155 /* TripCard.swift */,
				AA0000000000000000000156 /* RunStepRow.swift */,
				AA0000000000000000000157 /* SharedComponents.swift */,
			);
			path = Views;
			sourceTree = "<group>";
		};
		AA0000000000000000000204 /* Utilities */ = {
			isa = PBXGroup;
			children = (
				AA0000000000000000000158 /* TravelPlannerColor.swift */,
				AA0000000000000000000159 /* TravelPlannerFormat.swift */,
			);
			path = Utilities;
			sourceTree = "<group>";
		};
/* End PBXGroup section */

/* Begin PBXNativeTarget section */
		AA0000000000000000000040 /* TravelPlanner */ = {
			isa = PBXNativeTarget;
			buildConfigurationList = AA0000000000000000000080 /* Build configuration list for PBXNativeTarget "TravelPlanner" */;
			buildPhases = (
				AA0000000000000000000050 /* Sources */,
				AA0000000000000000000020 /* Frameworks */,
				AA0000000000000000000060 /* Resources */,
			);
			buildRules = (
			);
			dependencies = (
			);
			name = TravelPlanner;
			productName = TravelPlanner;
			productReference = AA0000000000000000000010 /* TravelPlanner.app */;
			productType = "com.apple.product-type.application";
		};
/* End PBXNativeTarget section */

/* Begin PBXProject section */
		AA0000000000000000000070 /* Project object */ = {
			isa = PBXProject;
			attributes = {
				BuildIndependentTargetsInParallel = 1;
				LastSwiftUpdateCheck = 1620;
				LastUpgradeCheck = 1620;
				TargetAttributes = {
					AA0000000000000000000040 = {
						CreatedOnToolsVersion = 16.2;
					};
				};
			};
			buildConfigurationList = AA0000000000000000000071 /* Build configuration list for PBXProject "TravelPlanner" */;
			compatibilityVersion = "Xcode 14.0";
			developmentRegion = en;
			hasScannedForEncodings = 0;
			knownRegions = (
				en,
				Base,
			);
			mainGroup = AA0000000000000000000030;
			productRefGroup = AA0000000000000000000031 /* Products */;
			projectDirPath = "";
			projectRoot = "";
			targets = (
				AA0000000000000000000040 /* TravelPlanner */,
			);
		};
/* End PBXProject section */

/* Begin PBXResourcesBuildPhase section */
		AA0000000000000000000060 /* Resources */ = {
			isa = PBXResourcesBuildPhase;
			buildActionMask = 2147483647;
			files = (
				AA0000000000000000000002 /* Assets.xcassets in Resources */,
			);
			runOnlyForDeploymentPostprocessing = 0;
		};
/* End PBXResourcesBuildPhase section */

/* Begin PBXSourcesBuildPhase section */
		AA0000000000000000000050 /* Sources */ = {
			isa = PBXSourcesBuildPhase;
			buildActionMask = 2147483647;
			files = (
				AA0000000000000000000001 /* TravelPlannerApp.swift in Sources */,
				AA0000000000000000000104 /* TripMood.swift in Sources */,
				AA0000000000000000000105 /* RunStep.swift in Sources */,
				AA0000000000000000000106 /* TripOption.swift in Sources */,
				AA0000000000000000000107 /* MemoryNote.swift in Sources */,
				AA0000000000000000000108 /* PersistedAgentState.swift in Sources */,
				AA0000000000000000000109 /* TripBrief.swift in Sources */,
				AA0000000000000000000110 /* TravelPlanningService.swift in Sources */,
				AA0000000000000000000111 /* AgentStateStore.swift in Sources */,
				AA0000000000000000000112 /* AgentViewModel.swift in Sources */,
				AA0000000000000000000113 /* AgentHomeView.swift in Sources */,
				AA0000000000000000000114 /* HeroView.swift in Sources */,
				AA0000000000000000000115 /* BriefFormView.swift in Sources */,
				AA0000000000000000000116 /* RunTimelineView.swift in Sources */,
				AA0000000000000000000117 /* TripsListView.swift in Sources */,
				AA0000000000000000000118 /* MemoryView.swift in Sources */,
				AA0000000000000000000119 /* TripCard.swift in Sources */,
				AA0000000000000000000120 /* RunStepRow.swift in Sources */,
				AA0000000000000000000121 /* SharedComponents.swift in Sources */,
				AA0000000000000000000122 /* TravelPlannerColor.swift in Sources */,
				AA0000000000000000000123 /* TravelPlannerFormat.swift in Sources */,
			);
			runOnlyForDeploymentPostprocessing = 0;
		};
/* End PBXSourcesBuildPhase section */

/* Begin XCBuildConfiguration section */
		AA0000000000000000000090 /* Debug */ = {
			isa = XCBuildConfiguration;
			buildSettings = {
				ALWAYS_SEARCH_USER_PATHS = NO;
				CLANG_ANALYZER_NONNULL = YES;
				CLANG_ANALYZER_NUMBER_OBJECT_CONVERSION = YES_AGGRESSIVE;
				CLANG_CXX_LANGUAGE_STANDARD = "gnu++20";
				CLANG_ENABLE_MODULES = YES;
				CLANG_ENABLE_OBJC_ARC = YES;
				CLANG_ENABLE_OBJC_WEAK = YES;
				CLANG_WARN_BLOCK_CAPTURE_AUTORELEASING = YES;
				CLANG_WARN_BOOL_CONVERSION = YES;
				CLANG_WARN_COMMA = YES;
				CLANG_WARN_CONSTANT_CONVERSION = YES;
				CLANG_WARN_DEPRECATED_OBJC_IMPLEMENTATIONS = YES;
				CLANG_WARN_DIRECT_OBJC_ISA_USAGE = YES_ERROR;
				CLANG_WARN_DOCUMENTATION_COMMENTS = YES;
				CLANG_WARN_EMPTY_BODY = YES;
				CLANG_WARN_ENUM_CONVERSION = YES;
				CLANG_WARN_INFINITE_RECURSION = YES;
				CLANG_WARN_INT_CONVERSION = YES;
				CLANG_WARN_NON_LITERAL_NULL_CONVERSION = YES;
				CLANG_WARN_OBJC_IMPLICIT_RETAIN_SELF = YES;
				CLANG_WARN_OBJC_LITERAL_CONVERSION = YES;
				CLANG_WARN_OBJC_ROOT_CLASS = YES_ERROR;
				CLANG_WARN_QUOTED_INCLUDE_IN_FRAMEWORK_HEADER = YES;
				CLANG_WARN_RANGE_LOOP_ANALYSIS = YES;
				CLANG_WARN_STRICT_PROTOTYPES = YES;
				CLANG_WARN_SUSPICIOUS_MOVE = YES;
				CLANG_WARN_UNGUARDED_AVAILABILITY = YES_AGGRESSIVE;
				CLANG_WARN_UNREACHABLE_CODE = YES;
				CLANG_WARN__DUPLICATE_METHOD_MATCH = YES;
				COPY_PHASE_STRIP = NO;
				DEBUG_INFORMATION_FORMAT = dwarf;
				ENABLE_STRICT_OBJC_MSGSEND = YES;
				ENABLE_TESTABILITY = YES;
				ENABLE_USER_SCRIPT_SANDBOXING = YES;
				GCC_C_LANGUAGE_STANDARD = gnu17;
				GCC_DYNAMIC_NO_PIC = NO;
				GCC_NO_COMMON_BLOCKS = YES;
				GCC_OPTIMIZATION_LEVEL = 0;
				GCC_PREPROCESSOR_DEFINITIONS = (
					"DEBUG=1",
					"$(inherited)",
				);
				GCC_WARN_64_TO_32_BIT_CONVERSION = YES;
				GCC_WARN_ABOUT_RETURN_TYPE = YES_ERROR;
				GCC_WARN_UNDECLARED_SELECTOR = YES;
				GCC_WARN_UNINITIALIZED_AUTOS = YES_AGGRESSIVE;
				GCC_WARN_UNUSED_FUNCTION = YES;
				GCC_WARN_UNUSED_VARIABLE = YES;
				IPHONEOS_DEPLOYMENT_TARGET = 17.0;
				MTL_ENABLE_DEBUG_INFO = INCLUDE_SOURCE;
				MTL_FAST_MATH = YES;
				ONLY_ACTIVE_ARCH = YES;
				SDKROOT = iphoneos;
				SWIFT_ACTIVE_COMPILATION_CONDITIONS = DEBUG;
				SWIFT_OPTIMIZATION_LEVEL = "-Onone";
			};
			name = Debug;
		};
		AA0000000000000000000091 /* Release */ = {
			isa = XCBuildConfiguration;
			buildSettings = {
				ALWAYS_SEARCH_USER_PATHS = NO;
				CLANG_ANALYZER_NONNULL = YES;
				CLANG_ANALYZER_NUMBER_OBJECT_CONVERSION = YES_AGGRESSIVE;
				CLANG_CXX_LANGUAGE_STANDARD = "gnu++20";
				CLANG_ENABLE_MODULES = YES;
				CLANG_ENABLE_OBJC_ARC = YES;
				CLANG_ENABLE_OBJC_WEAK = YES;
				CLANG_WARN_BLOCK_CAPTURE_AUTORELEASING = YES;
				CLANG_WARN_BOOL_CONVERSION = YES;
				CLANG_WARN_COMMA = YES;
				CLANG_WARN_CONSTANT_CONVERSION = YES;
				CLANG_WARN_DEPRECATED_OBJC_IMPLEMENTATIONS = YES;
				CLANG_WARN_DIRECT_OBJC_ISA_USAGE = YES_ERROR;
				CLANG_WARN_DOCUMENTATION_COMMENTS = YES;
				CLANG_WARN_EMPTY_BODY = YES;
				CLANG_WARN_ENUM_CONVERSION = YES;
				CLANG_WARN_INFINITE_RECURSION = YES;
				CLANG_WARN_INT_CONVERSION = YES;
				CLANG_WARN_NON_LITERAL_NULL_CONVERSION = YES;
				CLANG_WARN_OBJC_IMPLICIT_RETAIN_SELF = YES;
				CLANG_WARN_OBJC_LITERAL_CONVERSION = YES;
				CLANG_WARN_OBJC_ROOT_CLASS = YES_ERROR;
				CLANG_WARN_QUOTED_INCLUDE_IN_FRAMEWORK_HEADER = YES;
				CLANG_WARN_RANGE_LOOP_ANALYSIS = YES;
				CLANG_WARN_STRICT_PROTOTYPES = YES;
				CLANG_WARN_SUSPICIOUS_MOVE = YES;
				CLANG_WARN_UNGUARDED_AVAILABILITY = YES_AGGRESSIVE;
				CLANG_WARN_UNREACHABLE_CODE = YES;
				CLANG_WARN__DUPLICATE_METHOD_MATCH = YES;
				COPY_PHASE_STRIP = NO;
				DEBUG_INFORMATION_FORMAT = "dwarf-with-dsym";
				ENABLE_NS_ASSERTIONS = NO;
				ENABLE_STRICT_OBJC_MSGSEND = YES;
				ENABLE_USER_SCRIPT_SANDBOXING = YES;
				GCC_C_LANGUAGE_STANDARD = gnu17;
				GCC_NO_COMMON_BLOCKS = YES;
				GCC_WARN_64_TO_32_BIT_CONVERSION = YES;
				GCC_WARN_ABOUT_RETURN_TYPE = YES_ERROR;
				GCC_WARN_UNDECLARED_SELECTOR = YES;
				GCC_WARN_UNINITIALIZED_AUTOS = YES_AGGRESSIVE;
				GCC_WARN_UNUSED_FUNCTION = YES;
				GCC_WARN_UNUSED_VARIABLE = YES;
				IPHONEOS_DEPLOYMENT_TARGET = 17.0;
				MTL_ENABLE_DEBUG_INFO = NO;
				MTL_FAST_MATH = YES;
				SDKROOT = iphoneos;
				SWIFT_COMPILATION_MODE = wholemodule;
				VALIDATE_PRODUCT = YES;
			};
			name = Release;
		};
		AA0000000000000000000092 /* Debug */ = {
			isa = XCBuildConfiguration;
			buildSettings = {
				ASSETCATALOG_COMPILER_GLOBAL_ACCENT_COLOR_NAME = AccentColor;
				CODE_SIGN_IDENTITY = "Apple Development";
				CODE_SIGN_STYLE = Automatic;
				CURRENT_PROJECT_VERSION = 1;
				DEVELOPMENT_ASSET_PATHS = "";
				DEVELOPMENT_TEAM = BSP873WW3P;
				GENERATE_INFOPLIST_FILE = YES;
				INFOPLIST_KEY_CFBundleDisplayName = "Travel Planner";
				INFOPLIST_KEY_LSApplicationCategoryType = "public.app-category.travel";
				INFOPLIST_KEY_UIApplicationSceneManifest_Generation = YES;
				INFOPLIST_KEY_UIApplicationSupportsIndirectInputEvents = YES;
				INFOPLIST_KEY_UILaunchScreen_Generation = YES;
				INFOPLIST_KEY_UISupportedInterfaceOrientations_iPad = "UIInterfaceOrientationPortrait UIInterfaceOrientationPortraitUpsideDown UIInterfaceOrientationLandscapeLeft UIInterfaceOrientationLandscapeRight";
				INFOPLIST_KEY_UISupportedInterfaceOrientations_iPhone = UIInterfaceOrientationPortrait;
				IPHONEOS_DEPLOYMENT_TARGET = 17.0;
				LD_RUNPATH_SEARCH_PATHS = (
					"$(inherited)",
					"@executable_path/Frameworks",
				);
				MARKETING_VERSION = 1.0;
				PRODUCT_BUNDLE_IDENTIFIER = com.codex.travelplanner;
				PRODUCT_NAME = "$(TARGET_NAME)";
				PROVISIONING_PROFILE_SPECIFIER = "";
				SUPPORTED_PLATFORMS = "iphoneos iphonesimulator";
				SUPPORTS_MACCATALYST = NO;
				SUPPORTS_MAC_DESIGNED_FOR_IPHONE_IPAD = NO;
				SWIFT_EMIT_LOC_STRINGS = YES;
				SWIFT_VERSION = 6.0;
				TARGETED_DEVICE_FAMILY = 1;
			};
			name = Debug;
		};
		AA0000000000000000000093 /* Release */ = {
			isa = XCBuildConfiguration;
			buildSettings = {
				ASSETCATALOG_COMPILER_GLOBAL_ACCENT_COLOR_NAME = AccentColor;
				CODE_SIGN_IDENTITY = "Apple Development";
				CODE_SIGN_STYLE = Automatic;
				CURRENT_PROJECT_VERSION = 1;
				DEVELOPMENT_ASSET_PATHS = "";
				DEVELOPMENT_TEAM = BSP873WW3P;
				GENERATE_INFOPLIST_FILE = YES;
				INFOPLIST_KEY_CFBundleDisplayName = "Travel Planner";
				INFOPLIST_KEY_LSApplicationCategoryType = "public.app-category.travel";
				INFOPLIST_KEY_UIApplicationSceneManifest_Generation = YES;
				INFOPLIST_KEY_UIApplicationSupportsIndirectInputEvents = YES;
				INFOPLIST_KEY_UILaunchScreen_Generation = YES;
				INFOPLIST_KEY_UISupportedInterfaceOrientations_iPad = "UIInterfaceOrientationPortrait UIInterfaceOrientationPortraitUpsideDown UIInterfaceOrientationLandscapeLeft UIInterfaceOrientationLandscapeRight";
				INFOPLIST_KEY_UISupportedInterfaceOrientations_iPhone = UIInterfaceOrientationPortrait;
				IPHONEOS_DEPLOYMENT_TARGET = 17.0;
				LD_RUNPATH_SEARCH_PATHS = (
					"$(inherited)",
					"@executable_path/Frameworks",
				);
				MARKETING_VERSION = 1.0;
				PRODUCT_BUNDLE_IDENTIFIER = com.codex.travelplanner;
				PRODUCT_NAME = "$(TARGET_NAME)";
				PROVISIONING_PROFILE_SPECIFIER = "";
				SUPPORTED_PLATFORMS = "iphoneos iphonesimulator";
				SUPPORTS_MACCATALYST = NO;
				SUPPORTS_MAC_DESIGNED_FOR_IPHONE_IPAD = NO;
				SWIFT_EMIT_LOC_STRINGS = YES;
				SWIFT_VERSION = 6.0;
				TARGETED_DEVICE_FAMILY = 1;
			};
			name = Release;
		};
/* End XCBuildConfiguration section */

/* Begin XCConfigurationList section */
		AA0000000000000000000071 /* Build configuration list for PBXProject "TravelPlanner" */ = {
			isa = XCConfigurationList;
			buildConfigurations = (
				AA0000000000000000000090 /* Debug */,
				AA0000000000000000000091 /* Release */,
			);
			defaultConfigurationIsVisible = 0;
			defaultConfigurationName = Release;
		};
		AA0000000000000000000080 /* Build configuration list for PBXNativeTarget "TravelPlanner" */ = {
			isa = XCConfigurationList;
			buildConfigurations = (
				AA0000000000000000000092 /* Debug */,
				AA0000000000000000000093 /* Release */,
			);
			defaultConfigurationIsVisible = 0;
			defaultConfigurationName = Release;
		};
/* End XCConfigurationList section */
	};
	rootObject = AA0000000000000000000070 /* Project object */;
}
